
Microsoft Visual Studio Solution File, Format Version 12.00
# Visual Studio Version 16
VisualStudioVersion = 16.0.29926.136
MinimumVisualStudioVersion = 10.0.40219.1
Project("{888888A0-9F3D-457C-B088-3A5042F75D52}") = "dogshelter_web", "dogshelter_web\dogshelter_web.pyproj", "{AA979802-D51D-47BF-9F1C-267D8F85E394}"
EndProject
Global
	GlobalSection(SolutionConfigurationPlatforms) = preSolution
		Debug|Any CPU = Debug|Any CPU
		Release|Any CPU = Release|Any CPU
	EndGlobalSection
	GlobalSection(ProjectConfigurationPlatforms) = postSolution
		{AA979802-D51D-47BF-9F1C-267D8F85E394}.Debug|Any CPU.ActiveCfg = Debug|Any CPU
		{AA979802-D51D-47BF-9F1C-267D8F85E394}.Debug|Any CPU.Build.0 = Debug|Any CPU
		{AA979802-D51D-47BF-9F1C-267D8F85E394}.Release|Any CPU.ActiveCfg = Release|Any CPU
		{AA979802-D51D-47BF-9F1C-267D8F85E394}.Release|Any CPU.Build.0 = Release|Any CPU
	EndGlobalSection
	GlobalSection(SolutionProperties) = preSolution
		HideSolutionNode = FALSE
	EndGlobalSection
	GlobalSection(ExtensibilityGlobals) = postSolution
		SolutionGuid = {642AB8AC-28C9-4C1B-8E15-4F017CD12071}
	EndGlobalSection
EndGlobal
